// !$*UTF8*$!
{
	archiveVersion = 1;
	classes = {
	};
	objectVersion = 50;
	objects = {

/* Begin PBXBuildFile section */
		92D5F22E785F0D7B8737552D /* Pods_ABC_CODE.framework in Frameworks */ = {isa = PBXBuildFile; fileRef = F7BE70A62AE1B53948CDB187 /* Pods_ABC_CODE.framework */; };
		937CD90226FF1FEC0E11EDE6 /* Pods_ABC_CODE_ABC_CODETests.framework in Frameworks */ = {isa = PBXBuildFile; fileRef = A388D613F2D79A77BA5B1042 /* Pods_ABC_CODE_ABC_CODETests.framework */; };
		AF52F7152238C51F0096BD5F /* AppDelegate.swift in Sources */ = {isa = PBXBuildFile; fileRef = AF52F7142238C51F0096BD5F /* AppDelegate.swift */; };
		AF52F7172238C51F0096BD5F /* ViewController.swift in Sources */ = {isa = PBXBuildFile; fileRef = AF52F7162238C51F0096BD5F /* ViewController.swift */; };
		AF52F71A2238C51F0096BD5F /* Main.storyboard in Resources */ = {isa = PBXBuildFile; fileRef = AF52F7182238C51F0096BD5F /* Main.storyboard */; };
		AF52F71C2238C5220096BD5F /* Assets.xcassets in Resources */ = {isa = PBXBuildFile; fileRef = AF52F71B2238C5220096BD5F /* Assets.xcassets */; };
		AF52F71F2238C5220096BD5F /* LaunchScreen.storyboard in Resources */ = {isa = PBXBuildFile; fileRef = AF52F71D2238C5220096BD5F /* LaunchScreen.storyboard */; };
		AF52F72A2238C5220096BD5F /* ABC_CODETests.swift in Sources */ = {isa = PBXBuildFile; fileRef = AF52F7292238C5220096BD5F /* ABC_CODETests.swift */; };
		AF52F7352238C5220096BD5F /* ABC_CODEUITests.swift in Sources */ = {isa = PBXBuildFile; fileRef = AF52F7342238C5220096BD5F /* ABC_CODEUITests.swift */; };
		AF52F74A2238CFB80096BD5F /* ContinentInfoService.swift in Sources */ = {isa = PBXBuildFile; fileRef = AF52F7492238CFB80096BD5F /* ContinentInfoService.swift */; };
		AF52F74C2238DAFC0096BD5F /* ContinentData.swift in Sources */ = {isa = PBXBuildFile; fileRef = AF52F74B2238DAFC0096BD5F /* ContinentData.swift */; };
		AF52F74E2238DB270096BD5F /* Currencies.swift in Sources */ = {isa = PBXBuildFile; fileRef = AF52F74D2238DB270096BD5F /* Currencies.swift */; };
		AF52F7502238DB340096BD5F /* Languages.swift in Sources */ = {isa = PBXBuildFile; fileRef = AF52F74F2238DB340096BD5F /* Languages.swift */; };
		AF52F7522238DB410096BD5F /* Translations.swift in Sources */ = {isa = PBXBuildFile; fileRef = AF52F7512238DB410096BD5F /* Translations.swift */; };
		AF52F7542238DB520096BD5F /* RegionalBlocs.swift in Sources */ = {isa = PBXBuildFile; fileRef = AF52F7532238DB520096BD5F /* RegionalBlocs.swift */; };
		AF52F7582238F8790096BD5F /* ContinentRequestParameter.swift in Sources */ = {isa = PBXBuildFile; fileRef = AF52F7572238F8790096BD5F /* ContinentRequestParameter.swift */; };
		AF52F75A2238FA5A0096BD5F /* ContinentCountriesRepository.swift in Sources */ = {isa = PBXBuildFile; fileRef = AF52F7592238FA5A0096BD5F /* ContinentCountriesRepository.swift */; };
		AF52F75C2238FA740096BD5F /* ContinentCountriesCache.swift in Sources */ = {isa = PBXBuildFile; fileRef = AF52F75B2238FA740096BD5F /* ContinentCountriesCache.swift */; };
		AF52F75F223905F10096BD5F /* DependencyInjectionContainer.swift in Sources */ = {isa = PBXBuildFile; fileRef = AF52F75E223905F10096BD5F /* DependencyInjectionContainer.swift */; };
		AF52F76122390BF20096BD5F /* Resolver.swift in Sources */ = {isa = PBXBuildFile; fileRef = AF52F76022390BF20096BD5F /* Resolver.swift */; };
		AF52F763223910940096BD5F /* ServiceClient.swift in Sources */ = {isa = PBXBuildFile; fileRef = AF52F762223910940096BD5F /* ServiceClient.swift */; };
		AF52F765223918080096BD5F /* AppDependencies.swift in Sources */ = {isa = PBXBuildFile; fileRef = AF52F764223918080096BD5F /* AppDependencies.swift */; };
		AF52F767223929710096BD5F /* ContinentCountriesViewModel.swift in Sources */ = {isa = PBXBuildFile; fileRef = AF52F766223929710096BD5F /* ContinentCountriesViewModel.swift */; };
		AF52F76922392B750096BD5F /* AsyncProvider.swift in Sources */ = {isa = PBXBuildFile; fileRef = AF52F76822392B750096BD5F /* AsyncProvider.swift */; };
		AF52F76C22392CCA0096BD5F /* AsyncRunner.swift in Sources */ = {isa = PBXBuildFile; fileRef = AF52F76B22392CCA0096BD5F /* AsyncRunner.swift */; };
		AFE220B3223AAEB900845D47 /* CountriesViewController.swift in Sources */ = {isa = PBXBuildFile; fileRef = AFE220B1223AAEB900845D47 /* CountriesViewController.swift */; };
		AFE220B4223AAEB900845D47 /* CountriesViewController.xib in Resources */ = {isa = PBXBuildFile; fileRef = AFE220B2223AAEB900845D47 /* CountriesViewController.xib */; };
		AFE220B7223AB21D00845D47 /* CountryTableViewCell.swift in Sources */ = {isa = PBXBuildFile; fileRef = AFE220B5223AB21D00845D47 /* CountryTableViewCell.swift */; };
		AFE220B8223AB21D00845D47 /* CountryTableViewCell.xib in Resources */ = {isa = PBXBuildFile; fileRef = AFE220B6223AB21D00845D47 /* CountryTableViewCell.xib */; };
		AFE220BA223AD00B00845D47 /* Reachability.swift in Sources */ = {isa = PBXBuildFile; fileRef = AFE220B9223AD00B00845D47 /* Reachability.swift */; };
		AFE220BD223AD40800845D47 /* Localizable+Extension.swift in Sources */ = {isa = PBXBuildFile; fileRef = AFE220BC223AD40800845D47 /* Localizable+Extension.swift */; };
		AFE220BF223AD43B00845D47 /* Localizable.swift in Sources */ = {isa = PBXBuildFile; fileRef = AFE220BE223AD43B00845D47 /* Localizable.swift */; };
		AFE220C2223AD50100845D47 /* ReachAbilityStrings.strings in Resources */ = {isa = PBXBuildFile; fileRef = AFE220C1223AD50100845D47 /* ReachAbilityStrings.strings */; };
		AFE220C4223AD54300845D47 /* UIColor+CustomColors.swift in Sources */ = {isa = PBXBuildFile; fileRef = AFE220C3223AD54300845D47 /* UIColor+CustomColors.swift */; };
		AFE220D5223B242400845D47 /* CountryDataMapping.swift in Sources */ = {isa = PBXBuildFile; fileRef = AFE220D4223B242400845D47 /* CountryDataMapping.swift */; };
		AFE220D7223B250100845D47 /* CountryData.swift in Sources */ = {isa = PBXBuildFile; fileRef = AFE220D6223B250100845D47 /* CountryData.swift */; };
		AFE220E1223B83EB00845D47 /* ErrorStrings.strings in Resources */ = {isa = PBXBuildFile; fileRef = AFE220E0223B83EB00845D47 /* ErrorStrings.strings */; };
		AFE220E4223C05A300845D47 /* ErrorViewControllerFactory.swift in Sources */ = {isa = PBXBuildFile; fileRef = AFE220E3223C05A300845D47 /* ErrorViewControllerFactory.swift */; };
		AFE220E7223C06B000845D47 /* ComposedViewController.swift in Sources */ = {isa = PBXBuildFile; fileRef = AFE220E6223C06B000845D47 /* ComposedViewController.swift */; };
		AFE220E9223CAAAA00845D47 /* ViewCountriesView.swift in Sources */ = {isa = PBXBuildFile; fileRef = AFE220E8223CAAAA00845D47 /* ViewCountriesView.swift */; };
		AFE220EB223CAB3300845D47 /* ProgressView.swift in Sources */ = {isa = PBXBuildFile; fileRef = AFE220EA223CAB3300845D47 /* ProgressView.swift */; };
		AFE220ED223CAB4700845D47 /* ErrorView.swift in Sources */ = {isa = PBXBuildFile; fileRef = AFE220EC223CAB4700845D47 /* ErrorView.swift */; };
		AFE220EF223CAE8900845D47 /* SpinnerView.swift in Sources */ = {isa = PBXBuildFile; fileRef = AFE220EE223CAE8900845D47 /* SpinnerView.swift */; };
		AFE220F1223CB5CC00845D47 /* ContinentCountriesViewModelFactory.swift in Sources */ = {isa = PBXBuildFile; fileRef = AFE220F0223CB5CC00845D47 /* ContinentCountriesViewModelFactory.swift */; };
		AFE220F3223CB8E400845D47 /* LoadCountriesTaskCallbacks.swift in Sources */ = {isa = PBXBuildFile; fileRef = AFE220F2223CB8E400845D47 /* LoadCountriesTaskCallbacks.swift */; };
		AFE220F6223CB9D200845D47 /* LoadCountriesDataTaskFactory.swift in Sources */ = {isa = PBXBuildFile; fileRef = AFE220F5223CB9D200845D47 /* LoadCountriesDataTaskFactory.swift */; };
		AFE220F8223CBA9B00845D47 /* AsyncTask.swift in Sources */ = {isa = PBXBuildFile; fileRef = AFE220F7223CBA9B00845D47 /* AsyncTask.swift */; };
		AFE220FA223CBABB00845D47 /* AsyncTaskCallbacks.swift in Sources */ = {isa = PBXBuildFile; fileRef = AFE220F9223CBABB00845D47 /* AsyncTaskCallbacks.swift */; };
		AFE220FC223CBB0500845D47 /* LoadCountriesTask.swift in Sources */ = {isa = PBXBuildFile; fileRef = AFE220FB223CBB0500845D47 /* LoadCountriesTask.swift */; };
		AFE220FF223CE44D00845D47 /* ErrorViewControllerImplementation.swift in Sources */ = {isa = PBXBuildFile; fileRef = AFE220FD223CE44D00845D47 /* ErrorViewControllerImplementation.swift */; };
		AFE22100223CE44D00845D47 /* ErrorViewControllerImplementation.xib in Resources */ = {isa = PBXBuildFile; fileRef = AFE220FE223CE44D00845D47 /* ErrorViewControllerImplementation.xib */; };
		DB7BE471F315C67A3DB6E347 /* Pods_ABC_CODE_ABC_CODEUITests.framework in Frameworks */ = {isa = PBXBuildFile; fileRef = 85A776B72F0D15BDC22B01C2 /* Pods_ABC_CODE_ABC_CODEUITests.framework */; };
/* End PBXBuildFile section */

/* Begin PBXContainerItemProxy section */
		AF52F7262238C5220096BD5F /* PBXContainerItemProxy */ = {
			isa = PBXContainerItemProxy;
			containerPortal = AF52F7092238C51F0096BD5F /* Project object */;
			proxyType = 1;
			remoteGlobalIDString = AF52F7102238C51F0096BD5F;
			remoteInfo = "ABC-CODE";
		};
		AF52F7312238C5220096BD5F /* PBXContainerItemProxy */ = {
			isa = PBXContainerItemProxy;
			containerPortal = AF52F7092238C51F0096BD5F /* Project object */;
			proxyType = 1;
			remoteGlobalIDString = AF52F7102238C51F0096BD5F;
			remoteInfo = "ABC-CODE";
		};
/* End PBXContainerItemProxy section */

/* Begin PBXFileReference section */
		0A7004160FF7D7F7D9FBEB1F /* Pods-ABC-CODE-ABC-CODETests.release.xcconfig */ = {isa = PBXFileReference; includeInIndex = 1; lastKnownFileType = text.xcconfig; name = "Pods-ABC-CODE-ABC-CODETests.release.xcconfig"; path = "Pods/Target Support Files/Pods-ABC-CODE-ABC-CODETests/Pods-ABC-CODE-ABC-CODETests.release.xcconfig"; sourceTree = "<group>"; };
		367E533FB736E82F42864016 /* Pods-ABC-CODE-ABC-CODEUITests.release.xcconfig */ = {isa = PBXFileReference; includeInIndex = 1; lastKnownFileType = text.xcconfig; name = "Pods-ABC-CODE-ABC-CODEUITests.release.xcconfig"; path = "Pods/Target Support Files/Pods-ABC-CODE-ABC-CODEUITests/Pods-ABC-CODE-ABC-CODEUITests.release.xcconfig"; sourceTree = "<group>"; };
		36DE5E82A3F4C0E9B849E62D /* Pods-ABC-CODE.release.xcconfig */ = {isa = PBXFileReference; includeInIndex = 1; lastKnownFileType = text.xcconfig; name = "Pods-ABC-CODE.release.xcconfig"; path = "Pods/Target Support Files/Pods-ABC-CODE/Pods-ABC-CODE.release.xcconfig"; sourceTree = "<group>"; };
		6C148184F683483E743C7AD9 /* Pods-ABC-CODE-ABC-CODEUITests.debug.xcconfig */ = {isa = PBXFileReference; includeInIndex = 1; lastKnownFileType = text.xcconfig; name = "Pods-ABC-CODE-ABC-CODEUITests.debug.xcconfig"; path = "Pods/Target Support Files/Pods-ABC-CODE-ABC-CODEUITests/Pods-ABC-CODE-ABC-CODEUITests.debug.xcconfig"; sourceTree = "<group>"; };
		85A776B72F0D15BDC22B01C2 /* Pods_ABC_CODE_ABC_CODEUITests.framework */ = {isa = PBXFileReference; explicitFileType = wrapper.framework; includeInIndex = 0; path = Pods_ABC_CODE_ABC_CODEUITests.framework; sourceTree = BUILT_PRODUCTS_DIR; };
		9021E6D8B410603AF96A1D38 /* Pods-ABC-CODE-ABC-CODETests.debug.xcconfig */ = {isa = PBXFileReference; includeInIndex = 1; lastKnownFileType = text.xcconfig; name = "Pods-ABC-CODE-ABC-CODETests.debug.xcconfig"; path = "Pods/Target Support Files/Pods-ABC-CODE-ABC-CODETests/Pods-ABC-CODE-ABC-CODETests.debug.xcconfig"; sourceTree = "<group>"; };
		A388D613F2D79A77BA5B1042 /* Pods_ABC_CODE_ABC_CODETests.framework */ = {isa = PBXFileReference; explicitFileType = wrapper.framework; includeInIndex = 0; path = Pods_ABC_CODE_ABC_CODETests.framework; sourceTree = BUILT_PRODUCTS_DIR; };
		AF52F7112238C51F0096BD5F /* ABC-CODE.app */ = {isa = PBXFileReference; explicitFileType = wrapper.application; includeInIndex = 0; path = "ABC-CODE.app"; sourceTree = BUILT_PRODUCTS_DIR; };
		AF52F7142238C51F0096BD5F /* AppDelegate.swift */ = {isa = PBXFileReference; lastKnownFileType = sourcecode.swift; path = AppDelegate.swift; sourceTree = "<group>"; };
		AF52F7162238C51F0096BD5F /* ViewController.swift */ = {isa = PBXFileReference; lastKnownFileType = sourcecode.swift; path = ViewController.swift; sourceTree = "<group>"; };
		AF52F7192238C51F0096BD5F /* Base */ = {isa = PBXFileReference; lastKnownFileType = file.storyboard; name = Base; path = Base.lproj/Main.storyboard; sourceTree = "<group>"; };
		AF52F71B2238C5220096BD5F /* Assets.xcassets */ = {isa = PBXFileReference; lastKnownFileType = folder.assetcatalog; path = Assets.xcassets; sourceTree = "<group>"; };
		AF52F71E2238C5220096BD5F /* Base */ = {isa = PBXFileReference; lastKnownFileType = file.storyboard; name = Base; path = Base.lproj/LaunchScreen.storyboard; sourceTree = "<group>"; };
		AF52F7202238C5220096BD5F /* Info.plist */ = {isa = PBXFileReference; lastKnownFileType = text.plist.xml; path = Info.plist; sourceTree = "<group>"; };
		AF52F7252238C5220096BD5F /* ABC-CODETests.xctest */ = {isa = PBXFileReference; explicitFileType = wrapper.cfbundle; includeInIndex = 0; path = "ABC-CODETests.xctest"; sourceTree = BUILT_PRODUCTS_DIR; };
		AF52F7292238C5220096BD5F /* ABC_CODETests.swift */ = {isa = PBXFileReference; lastKnownFileType = sourcecode.swift; path = ABC_CODETests.swift; sourceTree = "<group>"; };
		AF52F72B2238C5220096BD5F /* Info.plist */ = {isa = PBXFileReference; lastKnownFileType = text.plist.xml; path = Info.plist; sourceTree = "<group>"; };
		AF52F7302238C5220096BD5F /* ABC-CODEUITests.xctest */ = {isa = PBXFileReference; explicitFileType = wrapper.cfbundle; includeInIndex = 0; path = "ABC-CODEUITests.xctest"; sourceTree = BUILT_PRODUCTS_DIR; };
		AF52F7342238C5220096BD5F /* ABC_CODEUITests.swift */ = {isa = PBXFileReference; lastKnownFileType = sourcecode.swift; path = ABC_CODEUITests.swift; sourceTree = "<group>"; };
		AF52F7362238C5220096BD5F /* Info.plist */ = {isa = PBXFileReference; lastKnownFileType = text.plist.xml; path = Info.plist; sourceTree = "<group>"; };
		AF52F7492238CFB80096BD5F /* ContinentInfoService.swift */ = {isa = PBXFileReference; lastKnownFileType = sourcecode.swift; path = ContinentInfoService.swift; sourceTree = "<group>"; };
		AF52F74B2238DAFC0096BD5F /* ContinentData.swift */ = {isa = PBXFileReference; lastKnownFileType = sourcecode.swift; path = ContinentData.swift; sourceTree = "<group>"; };
		AF52F74D2238DB270096BD5F /* Currencies.swift */ = {isa = PBXFileReference; lastKnownFileType = sourcecode.swift; path = Currencies.swift; sourceTree = "<group>"; };
		AF52F74F2238DB340096BD5F /* Languages.swift */ = {isa = PBXFileReference; lastKnownFileType = sourcecode.swift; path = Languages.swift; sourceTree = "<group>"; };
		AF52F7512238DB410096BD5F /* Translations.swift */ = {isa = PBXFileReference; lastKnownFileType = sourcecode.swift; path = Translations.swift; sourceTree = "<group>"; };
		AF52F7532238DB520096BD5F /* RegionalBlocs.swift */ = {isa = PBXFileReference; lastKnownFileType = sourcecode.swift; path = RegionalBlocs.swift; sourceTree = "<group>"; };
		AF52F7572238F8790096BD5F /* ContinentRequestParameter.swift */ = {isa = PBXFileReference; lastKnownFileType = sourcecode.swift; path = ContinentRequestParameter.swift; sourceTree = "<group>"; };
		AF52F7592238FA5A0096BD5F /* ContinentCountriesRepository.swift */ = {isa = PBXFileReference; lastKnownFileType = sourcecode.swift; path = ContinentCountriesRepository.swift; sourceTree = "<group>"; };
		AF52F75B2238FA740096BD5F /* ContinentCountriesCache.swift */ = {isa = PBXFileReference; lastKnownFileType = sourcecode.swift; path = ContinentCountriesCache.swift; sourceTree = "<group>"; };
		AF52F75E223905F10096BD5F /* DependencyInjectionContainer.swift */ = {isa = PBXFileReference; lastKnownFileType = sourcecode.swift; path = DependencyInjectionContainer.swift; sourceTree = "<group>"; };
		AF52F76022390BF20096BD5F /* Resolver.swift */ = {isa = PBXFileReference; lastKnownFileType = sourcecode.swift; path = Resolver.swift; sourceTree = "<group>"; };
		AF52F762223910940096BD5F /* ServiceClient.swift */ = {isa = PBXFileReference; lastKnownFileType = sourcecode.swift; path = ServiceClient.swift; sourceTree = "<group>"; };
		AF52F764223918080096BD5F /* AppDependencies.swift */ = {isa = PBXFileReference; lastKnownFileType = sourcecode.swift; path = AppDependencies.swift; sourceTree = "<group>"; };
		AF52F766223929710096BD5F /* ContinentCountriesViewModel.swift */ = {isa = PBXFileReference; lastKnownFileType = sourcecode.swift; path = ContinentCountriesViewModel.swift; sourceTree = "<group>"; };
		AF52F76822392B750096BD5F /* AsyncProvider.swift */ = {isa = PBXFileReference; lastKnownFileType = sourcecode.swift; path = AsyncProvider.swift; sourceTree = "<group>"; };
		AF52F76B22392CCA0096BD5F /* AsyncRunner.swift */ = {isa = PBXFileReference; lastKnownFileType = sourcecode.swift; path = AsyncRunner.swift; sourceTree = "<group>"; };
		AFE220B1223AAEB900845D47 /* CountriesViewController.swift */ = {isa = PBXFileReference; lastKnownFileType = sourcecode.swift; path = CountriesViewController.swift; sourceTree = "<group>"; };
		AFE220B2223AAEB900845D47 /* CountriesViewController.xib */ = {isa = PBXFileReference; lastKnownFileType = file.xib; path = CountriesViewController.xib; sourceTree = "<group>"; };
		AFE220B5223AB21D00845D47 /* CountryTableViewCell.swift */ = {isa = PBXFileReference; lastKnownFileType = sourcecode.swift; path = CountryTableViewCell.swift; sourceTree = "<group>"; };
		AFE220B6223AB21D00845D47 /* CountryTableViewCell.xib */ = {isa = PBXFileReference; lastKnownFileType = file.xib; path = CountryTableViewCell.xib; sourceTree = "<group>"; };
		AFE220B9223AD00B00845D47 /* Reachability.swift */ = {isa = PBXFileReference; lastKnownFileType = sourcecode.swift; path = Reachability.swift; sourceTree = "<group>"; };
		AFE220BC223AD40800845D47 /* Localizable+Extension.swift */ = {isa = PBXFileReference; lastKnownFileType = sourcecode.swift; path = "Localizable+Extension.swift"; sourceTree = "<group>"; };
		AFE220BE223AD43B00845D47 /* Localizable.swift */ = {isa = PBXFileReference; lastKnownFileType = sourcecode.swift; path = Localizable.swift; sourceTree = "<group>"; };
		AFE220C1223AD50100845D47 /* ReachAbilityStrings.strings */ = {isa = PBXFileReference; lastKnownFileType = text.plist.strings; path = ReachAbilityStrings.strings; sourceTree = "<group>"; };
		AFE220C3223AD54300845D47 /* UIColor+CustomColors.swift */ = {isa = PBXFileReference; lastKnownFileType = sourcecode.swift; path = "UIColor+CustomColors.swift"; sourceTree = "<group>"; };
		AFE220D4223B242400845D47 /* CountryDataMapping.swift */ = {isa = PBXFileReference; lastKnownFileType = sourcecode.swift; path = CountryDataMapping.swift; sourceTree = "<group>"; };
		AFE220D6223B250100845D47 /* CountryData.swift */ = {isa = PBXFileReference; lastKnownFileType = sourcecode.swift; path = CountryData.swift; sourceTree = "<group>"; };
		AFE220E0223B83EB00845D47 /* ErrorStrings.strings */ = {isa = PBXFileReference; lastKnownFileType = text.plist.strings; path = ErrorStrings.strings; sourceTree = "<group>"; };
		AFE220E3223C05A300845D47 /* ErrorViewControllerFactory.swift */ = {isa = PBXFileReference; lastKnownFileType = sourcecode.swift; path = ErrorViewControllerFactory.swift; sourceTree = "<group>"; };
		AFE220E6223C06B000845D47 /* ComposedViewController.swift */ = {isa = PBXFileReference; lastKnownFileType = sourcecode.swift; path = ComposedViewController.swift; sourceTree = "<group>"; };
		AFE220E8223CAAAA00845D47 /* ViewCountriesView.swift */ = {isa = PBXFileReference; lastKnownFileType = sourcecode.swift; path = ViewCountriesView.swift; sourceTree = "<group>"; };
		AFE220EA223CAB3300845D47 /* ProgressView.swift */ = {isa = PBXFileReference; lastKnownFileType = sourcecode.swift; path = ProgressView.swift; sourceTree = "<group>"; };
		AFE220EC223CAB4700845D47 /* ErrorView.swift */ = {isa = PBXFileReference; lastKnownFileType = sourcecode.swift; path = ErrorView.swift; sourceTree = "<group>"; };
		AFE220EE223CAE8900845D47 /* SpinnerView.swift */ = {isa = PBXFileReference; lastKnownFileType = sourcecode.swift; path = SpinnerView.swift; sourceTree = "<group>"; };
		AFE220F0223CB5CC00845D47 /* ContinentCountriesViewModelFactory.swift */ = {isa = PBXFileReference; lastKnownFileType = sourcecode.swift; path = ContinentCountriesViewModelFactory.swift; sourceTree = "<group>"; };
		AFE220F2223CB8E400845D47 /* LoadCountriesTaskCallbacks.swift */ = {isa = PBXFileReference; lastKnownFileType = sourcecode.swift; path = LoadCountriesTaskCallbacks.swift; sourceTree = "<group>"; };
		AFE220F5223CB9D200845D47 /* LoadCountriesDataTaskFactory.swift */ = {isa = PBXFileReference; lastKnownFileType = sourcecode.swift; path = LoadCountriesDataTaskFactory.swift; sourceTree = "<group>"; };
		AFE220F7223CBA9B00845D47 /* AsyncTask.swift */ = {isa = PBXFileReference; lastKnownFileType = sourcecode.swift; path = AsyncTask.swift; sourceTree = "<group>"; };
		AFE220F9223CBABB00845D47 /* AsyncTaskCallbacks.swift */ = {isa = PBXFileReference; lastKnownFileType = sourcecode.swift; path = AsyncTaskCallbacks.swift; sourceTree = "<group>"; };
		AFE220FB223CBB0500845D47 /* LoadCountriesTask.swift */ = {isa = PBXFileReference; lastKnownFileType = sourcecode.swift; path = LoadCountriesTask.swift; sourceTree = "<group>"; };
		AFE220FD223CE44D00845D47 /* ErrorViewControllerImplementation.swift */ = {isa = PBXFileReference; lastKnownFileType = sourcecode.swift; path = ErrorViewControllerImplementation.swift; sourceTree = "<group>"; };
		AFE220FE223CE44D00845D47 /* ErrorViewControllerImplementation.xib */ = {isa = PBXFileReference; lastKnownFileType = file.xib; path = ErrorViewControllerImplementation.xib; sourceTree = "<group>"; };
		DBE191412E50B9AFD09F578A /* Pods-ABC-CODE.debug.xcconfig */ = {isa = PBXFileReference; includeInIndex = 1; lastKnownFileType = text.xcconfig; name = "Pods-ABC-CODE.debug.xcconfig"; path = "Pods/Target Support Files/Pods-ABC-CODE/Pods-ABC-CODE.debug.xcconfig"; sourceTree = "<group>"; };
		F7BE70A62AE1B53948CDB187 /* Pods_ABC_CODE.framework */ = {isa = PBXFileReference; explicitFileType = wrapper.framework; includeInIndex = 0; path = Pods_ABC_CODE.framework; sourceTree = BUILT_PRODUCTS_DIR; };
/* End PBXFileReference section */

/* Begin PBXFrameworksBuildPhase section */
		AF52F70E2238C51F0096BD5F /* Frameworks */ = {
			isa = PBXFrameworksBuildPhase;
			buildActionMask = 2147483647;
			files = (
				92D5F22E785F0D7B8737552D /* Pods_ABC_CODE.framework in Frameworks */,
			);
			runOnlyForDeploymentPostprocessing = 0;
		};
		AF52F7222238C5220096BD5F /* Frameworks */ = {
			isa = PBXFrameworksBuildPhase;
			buildActionMask = 2147483647;
			files = (
				937CD90226FF1FEC0E11EDE6 /* Pods_ABC_CODE_ABC_CODETests.framework in Frameworks */,
			);
			runOnlyForDeploymentPostprocessing = 0;
		};
		AF52F72D2238C5220096BD5F /* Frameworks */ = {
			isa = PBXFrameworksBuildPhase;
			buildActionMask = 2147483647;
			files = (
				DB7BE471F315C67A3DB6E347 /* Pods_ABC_CODE_ABC_CODEUITests.framework in Frameworks */,
			);
			runOnlyForDeploymentPostprocessing = 0;
		};
/* End PBXFrameworksBuildPhase section */

/* Begin PBXGroup section */
		0621D9C204ED4907B925E9D9 /* Pods */ = {
			isa = PBXGroup;
			children = (
				DBE191412E50B9AFD09F578A /* Pods-ABC-CODE.debug.xcconfig */,
				36DE5E82A3F4C0E9B849E62D /* Pods-ABC-CODE.release.xcconfig */,
				9021E6D8B410603AF96A1D38 /* Pods-ABC-CODE-ABC-CODETests.debug.xcconfig */,
				0A7004160FF7D7F7D9FBEB1F /* Pods-ABC-CODE-ABC-CODETests.release.xcconfig */,
				6C148184F683483E743C7AD9 /* Pods-ABC-CODE-ABC-CODEUITests.debug.xcconfig */,
				367E533FB736E82F42864016 /* Pods-ABC-CODE-ABC-CODEUITests.release.xcconfig */,
			);
			name = Pods;
			sourceTree = "<group>";
		};
		622F21F1CBA16FF4A33BC148 /* Frameworks */ = {
			isa = PBXGroup;
			children = (
				F7BE70A62AE1B53948CDB187 /* Pods_ABC_CODE.framework */,
				A388D613F2D79A77BA5B1042 /* Pods_ABC_CODE_ABC_CODETests.framework */,
				85A776B72F0D15BDC22B01C2 /* Pods_ABC_CODE_ABC_CODEUITests.framework */,
			);
			name = Frameworks;
			sourceTree = "<group>";
		};
		AF52F7082238C51F0096BD5F = {
			isa = PBXGroup;
			children = (
				AF52F7132238C51F0096BD5F /* ABC-CODE */,
				AF52F7282238C5220096BD5F /* ABC-CODETests */,
				AF52F7332238C5220096BD5F /* ABC-CODEUITests */,
				AF52F7122238C51F0096BD5F /* Products */,
				0621D9C204ED4907B925E9D9 /* Pods */,
				622F21F1CBA16FF4A33BC148 /* Frameworks */,
			);
			sourceTree = "<group>";
		};
		AF52F7122238C51F0096BD5F /* Products */ = {
			isa = PBXGroup;
			children = (
				AF52F7112238C51F0096BD5F /* ABC-CODE.app */,
				AF52F7252238C5220096BD5F /* ABC-CODETests.xctest */,
				AF52F7302238C5220096BD5F /* ABC-CODEUITests.xctest */,
			);
			name = Products;
			sourceTree = "<group>";
		};
		AF52F7132238C51F0096BD5F /* ABC-CODE */ = {
			isa = PBXGroup;
			children = (
				AFE220E5223C069800845D47 /* ViewComposer */,
				AFE220E2223C054D00845D47 /* ErrorView */,
				AFE220C0223AD4C600845D47 /* Resources */,
				AFE220BB223AD3EF00845D47 /* Extensions */,
				AF52F76A22392C9E0096BD5F /* Async */,
				AF52F75D223904E30096BD5F /* DependencyContainer */,
				AF52F7422238CC310096BD5F /* Continent */,
				AF52F7142238C51F0096BD5F /* AppDelegate.swift */,
				AF52F7162238C51F0096BD5F /* ViewController.swift */,
				AF52F7182238C51F0096BD5F /* Main.storyboard */,
				AF52F71D2238C5220096BD5F /* LaunchScreen.storyboard */,
				AF52F71B2238C5220096BD5F /* Assets.xcassets */,
				AF52F7202238C5220096BD5F /* Info.plist */,
				AFE220BE223AD43B00845D47 /* Localizable.swift */,
			);
			path = "ABC-CODE";
			sourceTree = "<group>";
		};
		AF52F7282238C5220096BD5F /* ABC-CODETests */ = {
			isa = PBXGroup;
			children = (
				AF52F7292238C5220096BD5F /* ABC_CODETests.swift */,
				AF52F72B2238C5220096BD5F /* Info.plist */,
			);
			path = "ABC-CODETests";
			sourceTree = "<group>";
		};
		AF52F7332238C5220096BD5F /* ABC-CODEUITests */ = {
			isa = PBXGroup;
			children = (
				AF52F7342238C5220096BD5F /* ABC_CODEUITests.swift */,
				AF52F7362238C5220096BD5F /* Info.plist */,
			);
			path = "ABC-CODEUITests";
			sourceTree = "<group>";
		};
		AF52F7422238CC310096BD5F /* Continent */ = {
			isa = PBXGroup;
			children = (
				AFE220F4223CB8ED00845D47 /* AsyncTask */,
				AFE220D3223B23CE00845D47 /* Mappings */,
				AF52F7482238CF270096BD5F /* ViewModel */,
				AF52F7472238CF180096BD5F /* View */,
				AF52F7462238CF110096BD5F /* Cache */,
				AF52F7452238CF020096BD5F /* Repository */,
				AF52F7442238CEF80096BD5F /* Models */,
				AF52F7432238CEEF0096BD5F /* Service */,
			);
			path = Continent;
			sourceTree = "<group>";
		};
		AF52F7432238CEEF0096BD5F /* Service */ = {
			isa = PBXGroup;
			children = (
				AF52F7492238CFB80096BD5F /* ContinentInfoService.swift */,
				AF52F7572238F8790096BD5F /* ContinentRequestParameter.swift */,
				AF52F762223910940096BD5F /* ServiceClient.swift */,
			);
			path = Service;
			sourceTree = "<group>";
		};
		AF52F7442238CEF80096BD5F /* Models */ = {
			isa = PBXGroup;
			children = (
				AF52F74B2238DAFC0096BD5F /* ContinentData.swift */,
				AF52F74D2238DB270096BD5F /* Currencies.swift */,
				AF52F74F2238DB340096BD5F /* Languages.swift */,
				AF52F7512238DB410096BD5F /* Translations.swift */,
				AF52F7532238DB520096BD5F /* RegionalBlocs.swift */,
				AFE220D6223B250100845D47 /* CountryData.swift */,
			);
			path = Models;
			sourceTree = "<group>";
		};
		AF52F7452238CF020096BD5F /* Repository */ = {
			isa = PBXGroup;
			children = (
				AF52F7592238FA5A0096BD5F /* ContinentCountriesRepository.swift */,
			);
			path = Repository;
			sourceTree = "<group>";
		};
		AF52F7462238CF110096BD5F /* Cache */ = {
			isa = PBXGroup;
			children = (
				AF52F75B2238FA740096BD5F /* ContinentCountriesCache.swift */,
			);
			path = Cache;
			sourceTree = "<group>";
		};
		AF52F7472238CF180096BD5F /* View */ = {
			isa = PBXGroup;
			children = (
				AFE220B1223AAEB900845D47 /* CountriesViewController.swift */,
				AFE220B2223AAEB900845D47 /* CountriesViewController.xib */,
				AFE220B5223AB21D00845D47 /* CountryTableViewCell.swift */,
				AFE220B6223AB21D00845D47 /* CountryTableViewCell.xib */,
				AFE220E8223CAAAA00845D47 /* ViewCountriesView.swift */,
			);
			path = View;
			sourceTree = "<group>";
		};
		AF52F7482238CF270096BD5F /* ViewModel */ = {
			isa = PBXGroup;
			children = (
				AF52F766223929710096BD5F /* ContinentCountriesViewModel.swift */,
				AFE220F0223CB5CC00845D47 /* ContinentCountriesViewModelFactory.swift */,
			);
			path = ViewModel;
			sourceTree = "<group>";
		};
		AF52F75D223904E30096BD5F /* DependencyContainer */ = {
			isa = PBXGroup;
			children = (
				AF52F75E223905F10096BD5F /* DependencyInjectionContainer.swift */,
				AF52F76022390BF20096BD5F /* Resolver.swift */,
				AF52F764223918080096BD5F /* AppDependencies.swift */,
			);
			path = DependencyContainer;
			sourceTree = "<group>";
		};
		AF52F76A22392C9E0096BD5F /* Async */ = {
			isa = PBXGroup;
			children = (
				AF52F76822392B750096BD5F /* AsyncProvider.swift */,
				AF52F76B22392CCA0096BD5F /* AsyncRunner.swift */,
				AFE220B9223AD00B00845D47 /* Reachability.swift */,
				AFE220F7223CBA9B00845D47 /* AsyncTask.swift */,
				AFE220F9223CBABB00845D47 /* AsyncTaskCallbacks.swift */,
			);
			path = Async;
			sourceTree = "<group>";
		};
		AFE220BB223AD3EF00845D47 /* Extensions */ = {
			isa = PBXGroup;
			children = (
				AFE220BC223AD40800845D47 /* Localizable+Extension.swift */,
				AFE220C3223AD54300845D47 /* UIColor+CustomColors.swift */,
			);
			path = Extensions;
			sourceTree = "<group>";
		};
		AFE220C0223AD4C600845D47 /* Resources */ = {
			isa = PBXGroup;
			children = (
				AFE220C1223AD50100845D47 /* ReachAbilityStrings.strings */,
				AFE220E0223B83EB00845D47 /* ErrorStrings.strings */,
			);
			path = Resources;
			sourceTree = "<group>";
		};
		AFE220D3223B23CE00845D47 /* Mappings */ = {
			isa = PBXGroup;
			children = (
				AFE220D4223B242400845D47 /* CountryDataMapping.swift */,
			);
			path = Mappings;
			sourceTree = "<group>";
		};
		AFE220E2223C054D00845D47 /* ErrorView */ = {
			isa = PBXGroup;
			children = (
				AFE220E3223C05A300845D47 /* ErrorViewControllerFactory.swift */,
				AFE220EC223CAB4700845D47 /* ErrorView.swift */,
				AFE220FD223CE44D00845D47 /* ErrorViewControllerImplementation.swift */,
				AFE220FE223CE44D00845D47 /* ErrorViewControllerImplementation.xib */,
			);
			path = ErrorView;
			sourceTree = "<group>";
		};
		AFE220E5223C069800845D47 /* ViewComposer */ = {
			isa = PBXGroup;
			children = (
				AFE220E6223C06B000845D47 /* ComposedViewController.swift */,
				AFE220EA223CAB3300845D47 /* ProgressView.swift */,
				AFE220EE223CAE8900845D47 /* SpinnerView.swift */,
			);
			path = ViewComposer;
			sourceTree = "<group>";
		};
		AFE220F4223CB8ED00845D47 /* AsyncTask */ = {
			isa = PBXGroup;
			children = (
				AFE220F2223CB8E400845D47 /* LoadCountriesTaskCallbacks.swift */,
				AFE220F5223CB9D200845D47 /* LoadCountriesDataTaskFactory.swift */,
				AFE220FB223CBB0500845D47 /* LoadCountriesTask.swift */,
			);
			path = AsyncTask;
			sourceTree = "<group>";
		};
/* End PBXGroup section */

/* Begin PBXNativeTarget section */
		AF52F7102238C51F0096BD5F /* ABC-CODE */ = {
			isa = PBXNativeTarget;
			buildConfigurationList = AF52F7392238C5220096BD5F /* Build configuration list for PBXNativeTarget "ABC-CODE" */;
			buildPhases = (
				1A7D13AACC83617A06FFF400 /* [CP] Check Pods Manifest.lock */,
				AF52F70D2238C51F0096BD5F /* Sources */,
				AF52F70E2238C51F0096BD5F /* Frameworks */,
				AF52F70F2238C51F0096BD5F /* Resources */,
				C1E8D401288FDB19B5EC973C /* [CP] Embed Pods Frameworks */,
			);
			buildRules = (
			);
			dependencies = (
			);
			name = "ABC-CODE";
			productName = "ABC-CODE";
			productReference = AF52F7112238C51F0096BD5F /* ABC-CODE.app */;
			productType = "com.apple.product-type.application";
		};
		AF52F7242238C5220096BD5F /* ABC-CODETests */ = {
			isa = PBXNativeTarget;
			buildConfigurationList = AF52F73C2238C5220096BD5F /* Build configuration list for PBXNativeTarget "ABC-CODETests" */;
			buildPhases = (
				0EE1DC4BDBFA18A0E6E0E732 /* [CP] Check Pods Manifest.lock */,
				AF52F7212238C5220096BD5F /* Sources */,
				AF52F7222238C5220096BD5F /* Frameworks */,
				AF52F7232238C5220096BD5F /* Resources */,
				EAB072298EF27FEAAD37F6E9 /* [CP] Embed Pods Frameworks */,
			);
			buildRules = (
			);
			dependencies = (
				AF52F7272238C5220096BD5F /* PBXTargetDependency */,
			);
			name = "ABC-CODETests";
			productName = "ABC-CODETests";
			productReference = AF52F7252238C5220096BD5F /* ABC-CODETests.xctest */;
			productType = "com.apple.product-type.bundle.unit-test";
		};
		AF52F72F2238C5220096BD5F /* ABC-CODEUITests */ = {
			isa = PBXNativeTarget;
			buildConfigurationList = AF52F73F2238C5220096BD5F /* Build configuration list for PBXNativeTarget "ABC-CODEUITests" */;
			buildPhases = (
				A7B484E394A2E525F5F8A4EC /* [CP] Check Pods Manifest.lock */,
				AF52F72C2238C5220096BD5F /* Sources */,
				AF52F72D2238C5220096BD5F /* Frameworks */,
				AF52F72E2238C5220096BD5F /* Resources */,
				8E3FF61E1C1E503969095E60 /* [CP] Embed Pods Frameworks */,
			);
			buildRules = (
			);
			dependencies = (
				AF52F7322238C5220096BD5F /* PBXTargetDependency */,
			);
			name = "ABC-CODEUITests";
			productName = "ABC-CODEUITests";
			productReference = AF52F7302238C5220096BD5F /* ABC-CODEUITests.xctest */;
			productType = "com.apple.product-type.bundle.ui-testing";
		};
/* End PBXNativeTarget section */

/* Begin PBXProject section */
		AF52F7092238C51F0096BD5F /* Project object */ = {
			isa = PBXProject;
			attributes = {
				LastSwiftUpdateCheck = 1020;
				LastUpgradeCheck = 1020;
				ORGANIZATIONNAME = "Kudzai Mhou";
				TargetAttributes = {
					AF52F7102238C51F0096BD5F = {
						CreatedOnToolsVersion = 10.2;
					};
					AF52F7242238C5220096BD5F = {
						CreatedOnToolsVersion = 10.2;
						TestTargetID = AF52F7102238C51F0096BD5F;
					};
					AF52F72F2238C5220096BD5F = {
						CreatedOnToolsVersion = 10.2;
						TestTargetID = AF52F7102238C51F0096BD5F;
					};
				};
			};
			buildConfigurationList = AF52F70C2238C51F0096BD5F /* Build configuration list for PBXProject "ABC-CODE" */;
			compatibilityVersion = "Xcode 9.3";
			developmentRegion = en;
			hasScannedForEncodings = 0;
			knownRegions = (
				en,
				Base,
			);
			mainGroup = AF52F7082238C51F0096BD5F;
			productRefGroup = AF52F7122238C51F0096BD5F /* Products */;
			projectDirPath = "";
			projectRoot = "";
			targets = (
				AF52F7102238C51F0096BD5F /* ABC-CODE */,
				AF52F7242238C5220096BD5F /* ABC-CODETests */,
				AF52F72F2238C5220096BD5F /* ABC-CODEUITests */,
			);
		};
/* End PBXProject section */

/* Begin PBXResourcesBuildPhase section */
		AF52F70F2238C51F0096BD5F /* Resources */ = {
			isa = PBXResourcesBuildPhase;
			buildActionMask = 2147483647;
			files = (
				AFE220E1223B83EB00845D47 /* ErrorStrings.strings in Resources */,
				AF52F71F2238C5220096BD5F /* LaunchScreen.storyboard in Resources */,
				AF52F71C2238C5220096BD5F /* Assets.xcassets in Resources */,
				AFE220C2223AD50100845D47 /* ReachAbilityStrings.strings in Resources */,
				AF52F71A2238C51F0096BD5F /* Main.storyboard in Resources */,
				AFE220B4223AAEB900845D47 /* CountriesViewController.xib in Resources */,
				AFE220B8223AB21D00845D47 /* CountryTableViewCell.xib in Resources */,
				AFE22100223CE44D00845D47 /* ErrorViewControllerImplementation.xib in Resources */,
			);
			runOnlyForDeploymentPostprocessing = 0;
		};
		AF52F7232238C5220096BD5F /* Resources */ = {
			isa = PBXResourcesBuildPhase;
			buildActionMask = 2147483647;
			files = (
			);
			runOnlyForDeploymentPostprocessing = 0;
		};
		AF52F72E2238C5220096BD5F /* Resources */ = {
			isa = PBXResourcesBuildPhase;
			buildActionMask = 2147483647;
			files = (
			);
			runOnlyForDeploymentPostprocessing = 0;
		};
/* End PBXResourcesBuildPhase section */

/* Begin PBXShellScriptBuildPhase section */
		0EE1DC4BDBFA18A0E6E0E732 /* [CP] Check Pods Manifest.lock */ = {
			isa = PBXShellScriptBuildPhase;
			buildActionMask = 2147483647;
			files = (
			);
			inputFileListPaths = (
			);
			inputPaths = (
				"${PODS_PODFILE_DIR_PATH}/Podfile.lock",
				"${PODS_ROOT}/Manifest.lock",
			);
			name = "[CP] Check Pods Manifest.lock";
			outputFileListPaths = (
			);
			outputPaths = (
				"$(DERIVED_FILE_DIR)/Pods-ABC-CODE-ABC-CODETests-checkManifestLockResult.txt",
			);
			runOnlyForDeploymentPostprocessing = 0;
			shellPath = /bin/sh;
			shellScript = "diff \"${PODS_PODFILE_DIR_PATH}/Podfile.lock\" \"${PODS_ROOT}/Manifest.lock\" > /dev/null\nif [ $? != 0 ] ; then\n    # print error to STDERR\n    echo \"error: The sandbox is not in sync with the Podfile.lock. Run 'pod install' or update your CocoaPods installation.\" >&2\n    exit 1\nfi\n# This output is used by Xcode 'outputs' to avoid re-running this script phase.\necho \"SUCCESS\" > \"${SCRIPT_OUTPUT_FILE_0}\"\n";
			showEnvVarsInLog = 0;
		};
		1A7D13AACC83617A06FFF400 /* [CP] Check Pods Manifest.lock */ = {
			isa = PBXShellScriptBuildPhase;
			buildActionMask = 2147483647;
			files = (
			);
			inputFileListPaths = (
			);
			inputPaths = (
				"${PODS_PODFILE_DIR_PATH}/Podfile.lock",
				"${PODS_ROOT}/Manifest.lock",
			);
			name = "[CP] Check Pods Manifest.lock";
			outputFileListPaths = (
			);
			outputPaths = (
				"$(DERIVED_FILE_DIR)/Pods-ABC-CODE-checkManifestLockResult.txt",
			);
			runOnlyForDeploymentPostprocessing = 0;
			shellPath = /bin/sh;
			shellScript = "diff \"${PODS_PODFILE_DIR_PATH}/Podfile.lock\" \"${PODS_ROOT}/Manifest.lock\" > /dev/null\nif [ $? != 0 ] ; then\n    # print error to STDERR\n    echo \"error: The sandbox is not in sync with the Podfile.lock. Run 'pod install' or update your CocoaPods installation.\" >&2\n    exit 1\nfi\n# This output is used by Xcode 'outputs' to avoid re-running this script phase.\necho \"SUCCESS\" > \"${SCRIPT_OUTPUT_FILE_0}\"\n";
			showEnvVarsInLog = 0;
		};
		8E3FF61E1C1E503969095E60 /* [CP] Embed Pods Frameworks */ = {
			isa = PBXShellScriptBuildPhase;
			buildActionMask = 2147483647;
			files = (
			);
			inputFileListPaths = (
			);
			inputPaths = (
				"${SRCROOT}/Pods/Target Support Files/Pods-ABC-CODE-ABC-CODEUITests/Pods-ABC-CODE-ABC-CODEUITests-frameworks.sh",
				"${BUILT_PRODUCTS_DIR}/JTMaterialSpinner/JTMaterialSpinner.framework",
				"${BUILT_PRODUCTS_DIR}/Swinject/Swinject.framework",
				"${BUILT_PRODUCTS_DIR}/Swifter/Swifter.framework",
			);
			name = "[CP] Embed Pods Frameworks";
			outputFileListPaths = (
			);
			outputPaths = (
				"${TARGET_BUILD_DIR}/${FRAMEWORKS_FOLDER_PATH}/JTMaterialSpinner.framework",
				"${TARGET_BUILD_DIR}/${FRAMEWORKS_FOLDER_PATH}/Swinject.framework",
				"${TARGET_BUILD_DIR}/${FRAMEWORKS_FOLDER_PATH}/Swifter.framework",
			);
			runOnlyForDeploymentPostprocessing = 0;
			shellPath = /bin/sh;
			shellScript = "\"${SRCROOT}/Pods/Target Support Files/Pods-ABC-CODE-ABC-CODEUITests/Pods-ABC-CODE-ABC-CODEUITests-frameworks.sh\"\n";
			showEnvVarsInLog = 0;
		};
		A7B484E394A2E525F5F8A4EC /* [CP] Check Pods Manifest.lock */ = {
			isa = PBXShellScriptBuildPhase;
			buildActionMask = 2147483647;
			files = (
			);
			inputFileListPaths = (
			);
			inputPaths = (
				"${PODS_PODFILE_DIR_PATH}/Podfile.lock",
				"${PODS_ROOT}/Manifest.lock",
			);
			name = "[CP] Check Pods Manifest.lock";
			outputFileListPaths = (
			);
			outputPaths = (
				"$(DERIVED_FILE_DIR)/Pods-ABC-CODE-ABC-CODEUITests-checkManifestLockResult.txt",
			);
			runOnlyForDeploymentPostprocessing = 0;
			shellPath = /bin/sh;
			shellScript = "diff \"${PODS_PODFILE_DIR_PATH}/Podfile.lock\" \"${PODS_ROOT}/Manifest.lock\" > /dev/null\nif [ $? != 0 ] ; then\n    # print error to STDERR\n    echo \"error: The sandbox is not in sync with the Podfile.lock. Run 'pod install' or update your CocoaPods installation.\" >&2\n    exit 1\nfi\n# This output is used by Xcode 'outputs' to avoid re-running this script phase.\necho \"SUCCESS\" > \"${SCRIPT_OUTPUT_FILE_0}\"\n";
			showEnvVarsInLog = 0;
		};
		C1E8D401288FDB19B5EC973C /* [CP] Embed Pods Frameworks */ = {
			isa = PBXShellScriptBuildPhase;
			buildActionMask = 2147483647;
			files = (
			);
			inputFileListPaths = (
			);
			inputPaths = (
				"${SRCROOT}/Pods/Target Support Files/Pods-ABC-CODE/Pods-ABC-CODE-frameworks.sh",
				"${BUILT_PRODUCTS_DIR}/JTMaterialSpinner/JTMaterialSpinner.framework",
				"${BUILT_PRODUCTS_DIR}/Swinject/Swinject.framework",
			);
			name = "[CP] Embed Pods Frameworks";
			outputFileListPaths = (
			);
			outputPaths = (
				"${TARGET_BUILD_DIR}/${FRAMEWORKS_FOLDER_PATH}/JTMaterialSpinner.framework",
				"${TARGET_BUILD_DIR}/${FRAMEWORKS_FOLDER_PATH}/Swinject.framework",
			);
			runOnlyForDeploymentPostprocessing = 0;
			shellPath = /bin/sh;
			shellScript = "\"${SRCROOT}/Pods/Target Support Files/Pods-ABC-CODE/Pods-ABC-CODE-frameworks.sh\"\n";
			showEnvVarsInLog = 0;
		};
		EAB072298EF27FEAAD37F6E9 /* [CP] Embed Pods Frameworks */ = {
			isa = PBXShellScriptBuildPhase;
			buildActionMask = 2147483647;
			files = (
			);
			inputFileListPaths = (
			);
			inputPaths = (
				"${SRCROOT}/Pods/Target Support Files/Pods-ABC-CODE-ABC-CODETests/Pods-ABC-CODE-ABC-CODETests-frameworks.sh",
				"${BUILT_PRODUCTS_DIR}/JTMaterialSpinner/JTMaterialSpinner.framework",
				"${BUILT_PRODUCTS_DIR}/Swinject/Swinject.framework",
				"${BUILT_PRODUCTS_DIR}/Cuckoo/Cuckoo.framework",
			);
			name = "[CP] Embed Pods Frameworks";
			outputFileListPaths = (
			);
			outputPaths = (
				"${TARGET_BUILD_DIR}/${FRAMEWORKS_FOLDER_PATH}/JTMaterialSpinner.framework",
				"${TARGET_BUILD_DIR}/${FRAMEWORKS_FOLDER_PATH}/Swinject.framework",
				"${TARGET_BUILD_DIR}/${FRAMEWORKS_FOLDER_PATH}/Cuckoo.framework",
			);
			runOnlyForDeploymentPostprocessing = 0;
			shellPath = /bin/sh;
			shellScript = "\"${SRCROOT}/Pods/Target Support Files/Pods-ABC-CODE-ABC-CODETests/Pods-ABC-CODE-ABC-CODETests-frameworks.sh\"\n";
			showEnvVarsInLog = 0;
		};
/* End PBXShellScriptBuildPhase section */

/* Begin PBXSourcesBuildPhase section */
		AF52F70D2238C51F0096BD5F /* Sources */ = {
			isa = PBXSourcesBuildPhase;
			buildActionMask = 2147483647;
			files = (
				AF52F763223910940096BD5F /* ServiceClient.swift in Sources */,
				AF52F7172238C51F0096BD5F /* ViewController.swift in Sources */,
				AFE220BF223AD43B00845D47 /* Localizable.swift in Sources */,
				AF52F767223929710096BD5F /* ContinentCountriesViewModel.swift in Sources */,
				AFE220FA223CBABB00845D47 /* AsyncTaskCallbacks.swift in Sources */,
				AF52F74E2238DB270096BD5F /* Currencies.swift in Sources */,
				AFE220B7223AB21D00845D47 /* CountryTableViewCell.swift in Sources */,
				AFE220D7223B250100845D47 /* CountryData.swift in Sources */,
				AFE220EB223CAB3300845D47 /* ProgressView.swift in Sources */,
				AFE220FF223CE44D00845D47 /* ErrorViewControllerImplementation.swift in Sources */,
				AF52F765223918080096BD5F /* AppDependencies.swift in Sources */,
				AFE220BD223AD40800845D47 /* Localizable+Extension.swift in Sources */,
				AF52F74C2238DAFC0096BD5F /* ContinentData.swift in Sources */,
				AFE220FC223CBB0500845D47 /* LoadCountriesTask.swift in Sources */,
				AFE220F3223CB8E400845D47 /* LoadCountriesTaskCallbacks.swift in Sources */,
				AF52F76C22392CCA0096BD5F /* AsyncRunner.swift in Sources */,
				AFE220F6223CB9D200845D47 /* LoadCountriesDataTaskFactory.swift in Sources */,
				AFE220C4223AD54300845D47 /* UIColor+CustomColors.swift in Sources */,
				AF52F7502238DB340096BD5F /* Languages.swift in Sources */,
				AFE220F1223CB5CC00845D47 /* ContinentCountriesViewModelFactory.swift in Sources */,
				AFE220ED223CAB4700845D47 /* ErrorView.swift in Sources */,
				AF52F75C2238FA740096BD5F /* ContinentCountriesCache.swift in Sources */,
				AF52F7522238DB410096BD5F /* Translations.swift in Sources */,
				AF52F75F223905F10096BD5F /* DependencyInjectionContainer.swift in Sources */,
				AF52F75A2238FA5A0096BD5F /* ContinentCountriesRepository.swift in Sources */,
				AFE220E9223CAAAA00845D47 /* ViewCountriesView.swift in Sources */,
				AFE220D5223B242400845D47 /* CountryDataMapping.swift in Sources */,
				AF52F7582238F8790096BD5F /* ContinentRequestParameter.swift in Sources */,
				AFE220BA223AD00B00845D47 /* Reachability.swift in Sources */,
				AFE220E7223C06B000845D47 /* ComposedViewController.swift in Sources */,
				AF52F76122390BF20096BD5F /* Resolver.swift in Sources */,
				AFE220B3223AAEB900845D47 /* CountriesViewController.swift in Sources */,
				AF52F7152238C51F0096BD5F /* AppDelegate.swift in Sources */,
				AFE220E4223C05A300845D47 /* ErrorViewControllerFactory.swift in Sources */,
				AF52F7542238DB520096BD5F /* RegionalBlocs.swift in Sources */,
				AF52F76922392B750096BD5F /* AsyncProvider.swift in Sources */,
				AFE220EF223CAE8900845D47 /* SpinnerView.swift in Sources */,
				AF52F74A2238CFB80096BD5F /* ContinentInfoService.swift in Sources */,
				AFE220F8223CBA9B00845D47 /* AsyncTask.swift in Sources */,
			);
			runOnlyForDeploymentPostprocessing = 0;
		};
		AF52F7212238C5220096BD5F /* Sources */ = {
			isa = PBXSourcesBuildPhase;
			buildActionMask = 2147483647;
			files = (
				AF52F72A2238C5220096BD5F /* ABC_CODETests.swift in Sources */,
			);
			runOnlyForDeploymentPostprocessing = 0;
		};
		AF52F72C2238C5220096BD5F /* Sources */ = {
			isa = PBXSourcesBuildPhase;
			buildActionMask = 2147483647;
			files = (
				AF52F7352238C5220096BD5F /* ABC_CODEUITests.swift in Sources */,
			);
			runOnlyForDeploymentPostprocessing = 0;
		};
/* End PBXSourcesBuildPhase section */

/* Begin PBXTargetDependency section */
		AF52F7272238C5220096BD5F /* PBXTargetDependency */ = {
			isa = PBXTargetDependency;
			target = AF52F7102238C51F0096BD5F /* ABC-CODE */;
			targetProxy = AF52F7262238C5220096BD5F /* PBXContainerItemProxy */;
		};
		AF52F7322238C5220096BD5F /* PBXTargetDependency */ = {
			isa = PBXTargetDependency;
			target = AF52F7102238C51F0096BD5F /* ABC-CODE */;
			targetProxy = AF52F7312238C5220096BD5F /* PBXContainerItemProxy */;
		};
/* End PBXTargetDependency section */

/* Begin PBXVariantGroup section */
		AF52F7182238C51F0096BD5F /* Main.storyboard */ = {
			isa = PBXVariantGroup;
			children = (
				AF52F7192238C51F0096BD5F /* Base */,
			);
			name = Main.storyboard;
			sourceTree = "<group>";
		};
		AF52F71D2238C5220096BD5F /* LaunchScreen.storyboard */ = {
			isa = PBXVariantGroup;
			children = (
				AF52F71E2238C5220096BD5F /* Base */,
			);
			name = LaunchScreen.storyboard;
			sourceTree = "<group>";
		};
/* End PBXVariantGroup section */

/* Begin XCBuildConfiguration section */
		AF52F7372238C5220096BD5F /* Debug */ = {
			isa = XCBuildConfiguration;
			buildSettings = {
				ALWAYS_SEARCH_USER_PATHS = NO;
				CLANG_ANALYZER_NONNULL = YES;
				CLANG_ANALYZER_NUMBER_OBJECT_CONVERSION = YES_AGGRESSIVE;
				CLANG_CXX_LANGUAGE_STANDARD = "gnu++14";
				CLANG_CXX_LIBRARY = "libc++";
				CLANG_ENABLE_MODULES = YES;
				CLANG_ENABLE_OBJC_ARC = YES;
				CLANG_ENABLE_OBJC_WEAK = YES;
				CLANG_WARN_BLOCK_CAPTURE_AUTORELEASING = YES;
				CLANG_WARN_BOOL_CONVERSION = YES;
				CLANG_WARN_COMMA = YES;
				CLANG_WARN_CONSTANT_CONVERSION = YES;
				CLANG_WARN_DEPRECATED_OBJC_IMPLEMENTATIONS = YES;
				CLANG_WARN_DIRECT_OBJC_ISA_USAGE = YES_ERROR;
				CLANG_WARN_DOCUMENTATION_COMMENTS = YES;
				CLANG_WARN_EMPTY_BODY = YES;
				CLANG_WARN_ENUM_CONVERSION = YES;
				CLANG_WARN_INFINITE_RECURSION = YES;
				CLANG_WARN_INT_CONVERSION = YES;
				CLANG_WARN_NON_LITERAL_NULL_CONVERSION = YES;
				CLANG_WARN_OBJC_IMPLICIT_RETAIN_SELF = YES;
				CLANG_WARN_OBJC_LITERAL_CONVERSION = YES;
				CLANG_WARN_OBJC_ROOT_CLASS = YES_ERROR;
				CLANG_WARN_RANGE_LOOP_ANALYSIS = YES;
				CLANG_WARN_STRICT_PROTOTYPES = YES;
				CLANG_WARN_SUSPICIOUS_MOVE = YES;
				CLANG_WARN_UNGUARDED_AVAILABILITY = YES_AGGRESSIVE;
				CLANG_WARN_UNREACHABLE_CODE = YES;
				CLANG_WARN__DUPLICATE_METHOD_MATCH = YES;
				CODE_SIGN_IDENTITY = "iPhone Developer";
				COPY_PHASE_STRIP = NO;
				DEBUG_INFORMATION_FORMAT = dwarf;
				ENABLE_STRICT_OBJC_MSGSEND = YES;
				ENABLE_TESTABILITY = YES;
				GCC_C_LANGUAGE_STANDARD = gnu11;
				GCC_DYNAMIC_NO_PIC = NO;
				GCC_NO_COMMON_BLOCKS = YES;
				GCC_OPTIMIZATION_LEVEL = 0;
				GCC_PREPROCESSOR_DEFINITIONS = (
					"DEBUG=1",
					"$(inherited)",
				);
				GCC_WARN_64_TO_32_BIT_CONVERSION = YES;
				GCC_WARN_ABOUT_RETURN_TYPE = YES_ERROR;
				GCC_WARN_UNDECLARED_SELECTOR = YES;
				GCC_WARN_UNINITIALIZED_AUTOS = YES_AGGRESSIVE;
				GCC_WARN_UNUSED_FUNCTION = YES;
				GCC_WARN_UNUSED_VARIABLE = YES;
				IPHONEOS_DEPLOYMENT_TARGET = 12.2;
				MTL_ENABLE_DEBUG_INFO = INCLUDE_SOURCE;
				MTL_FAST_MATH = YES;
				ONLY_ACTIVE_ARCH = YES;
				SDKROOT = iphoneos;
				SWIFT_ACTIVE_COMPILATION_CONDITIONS = DEBUG;
				SWIFT_OPTIMIZATION_LEVEL = "-Onone";
				SWIFT_VERSION = 4.0;
			};
			name = Debug;
		};
		AF52F7382238C5220096BD5F /* Release */ = {
			isa = XCBuildConfiguration;
			buildSettings = {
				ALWAYS_SEARCH_USER_PATHS = NO;
				CLANG_ANALYZER_NONNULL = YES;
				CLANG_ANALYZER_NUMBER_OBJECT_CONVERSION = YES_AGGRESSIVE;
				CLANG_CXX_LANGUAGE_STANDARD = "gnu++14";
				CLANG_CXX_LIBRARY = "libc++";
				CLANG_ENABLE_MODULES = YES;
				CLANG_ENABLE_OBJC_ARC = YES;
				CLANG_ENABLE_OBJC_WEAK = YES;
				CLANG_WARN_BLOCK_CAPTURE_AUTORELEASING = YES;
				CLANG_WARN_BOOL_CONVERSION = YES;
				CLANG_WARN_COMMA = YES;
				CLANG_WARN_CONSTANT_CONVERSION = YES;
				CLANG_WARN_DEPRECATED_OBJC_IMPLEMENTATIONS = YES;
				CLANG_WARN_DIRECT_OBJC_ISA_USAGE = YES_ERROR;
				CLANG_WARN_DOCUMENTATION_COMMENTS = YES;
				CLANG_WARN_EMPTY_BODY = YES;
				CLANG_WARN_ENUM_CONVERSION = YES;
				CLANG_WARN_INFINITE_RECURSION = YES;
				CLANG_WARN_INT_CONVERSION = YES;
				CLANG_WARN_NON_LITERAL_NULL_CONVERSION = YES;
				CLANG_WARN_OBJC_IMPLICIT_RETAIN_SELF = YES;
				CLANG_WARN_OBJC_LITERAL_CONVERSION = YES;
				CLANG_WARN_OBJC_ROOT_CLASS = YES_ERROR;
				CLANG_WARN_RANGE_LOOP_ANALYSIS = YES;
				CLANG_WARN_STRICT_PROTOTYPES = YES;
				CLANG_WARN_SUSPICIOUS_MOVE = YES;
				CLANG_WARN_UNGUARDED_AVAILABILITY = YES_AGGRESSIVE;
				CLANG_WARN_UNREACHABLE_CODE = YES;
				CLANG_WARN__DUPLICATE_METHOD_MATCH = YES;
				CODE_SIGN_IDENTITY = "iPhone Developer";
				COPY_PHASE_STRIP = NO;
				DEBUG_INFORMATION_FORMAT = "dwarf-with-dsym";
				ENABLE_NS_ASSERTIONS = NO;
				ENABLE_STRICT_OBJC_MSGSEND = YES;
				GCC_C_LANGUAGE_STANDARD = gnu11;
				GCC_NO_COMMON_BLOCKS = YES;
				GCC_WARN_64_TO_32_BIT_CONVERSION = YES;
				GCC_WARN_ABOUT_RETURN_TYPE = YES_ERROR;
				GCC_WARN_UNDECLARED_SELECTOR = YES;
				GCC_WARN_UNINITIALIZED_AUTOS = YES_AGGRESSIVE;
				GCC_WARN_UNUSED_FUNCTION = YES;
				GCC_WARN_UNUSED_VARIABLE = YES;
				IPHONEOS_DEPLOYMENT_TARGET = 12.2;
				MTL_ENABLE_DEBUG_INFO = NO;
				MTL_FAST_MATH = YES;
				SDKROOT = iphoneos;
				SWIFT_COMPILATION_MODE = wholemodule;
				SWIFT_OPTIMIZATION_LEVEL = "-O";
				SWIFT_VERSION = 4.0;
				VALIDATE_PRODUCT = YES;
			};
			name = Release;
		};
		AF52F73A2238C5220096BD5F /* Debug */ = {
			isa = XCBuildConfiguration;
			baseConfigurationReference = DBE191412E50B9AFD09F578A /* Pods-ABC-CODE.debug.xcconfig */;
			buildSettings = {
				ALWAYS_EMBED_SWIFT_STANDARD_LIBRARIES = "$(inherited)";
				ASSETCATALOG_COMPILER_APPICON_NAME = AppIcon;
				CODE_SIGN_STYLE = Automatic;
				DEVELOPMENT_TEAM = "";
				INFOPLIST_FILE = "ABC-CODE/Info.plist";
				IPHONEOS_DEPLOYMENT_TARGET = 11.0;
				LD_RUNPATH_SEARCH_PATHS = (
					"$(inherited)",
					"@executable_path/Frameworks",
				);
				PRODUCT_BUNDLE_IDENTIFIER = "ABC-CODE.ABC-CODE";
				PRODUCT_NAME = "$(TARGET_NAME)";
				SWIFT_VERSION = 4.0;
				TARGETED_DEVICE_FAMILY = "1,2";
			};
			name = Debug;
		};
		AF52F73B2238C5220096BD5F /* Release */ = {
			isa = XCBuildConfiguration;
			baseConfigurationReference = 36DE5E82A3F4C0E9B849E62D /* Pods-ABC-CODE.release.xcconfig */;
			buildSettings = {
				ALWAYS_EMBED_SWIFT_STANDARD_LIBRARIES = "$(inherited)";
				ASSETCATALOG_COMPILER_APPICON_NAME = AppIcon;
				CODE_SIGN_STYLE = Automatic;
				DEVELOPMENT_TEAM = "";
				INFOPLIST_FILE = "ABC-CODE/Info.plist";
				IPHONEOS_DEPLOYMENT_TARGET = 11.0;
				LD_RUNPATH_SEARCH_PATHS = (
					"$(inherited)",
					"@executable_path/Frameworks",
				);
				PRODUCT_BUNDLE_IDENTIFIER = "ABC-CODE.ABC-CODE";
				PRODUCT_NAME = "$(TARGET_NAME)";
				SWIFT_VERSION = 4.0;
				TARGETED_DEVICE_FAMILY = "1,2";
			};
			name = Release;
		};
		AF52F73D2238C5220096BD5F /* Debug */ = {
			isa = XCBuildConfiguration;
			baseConfigurationReference = 9021E6D8B410603AF96A1D38 /* Pods-ABC-CODE-ABC-CODETests.debug.xcconfig */;
			buildSettings = {
				ALWAYS_EMBED_SWIFT_STANDARD_LIBRARIES = YES;
				BUNDLE_LOADER = "$(TEST_HOST)";
				CODE_SIGN_STYLE = Automatic;
				DEVELOPMENT_TEAM = Y43X47HQKG;
				INFOPLIST_FILE = "ABC-CODETests/Info.plist";
				LD_RUNPATH_SEARCH_PATHS = (
					"$(inherited)",
					"@executable_path/Frameworks",
					"@loader_path/Frameworks",
				);
				PRODUCT_BUNDLE_IDENTIFIER = "ABC-CODE.ABC-CODETests";
				PRODUCT_NAME = "$(TARGET_NAME)";
				SWIFT_VERSION = 4.0;
				TARGETED_DEVICE_FAMILY = "1,2";
				TEST_HOST = "$(BUILT_PRODUCTS_DIR)/ABC-CODE.app/ABC-CODE";
			};
			name = Debug;
		};
		AF52F73E2238C5220096BD5F /* Release */ = {
			isa = XCBuildConfiguration;
			baseConfigurationReference = 0A7004160FF7D7F7D9FBEB1F /* Pods-ABC-CODE-ABC-CODETests.release.xcconfig */;
			buildSettings = {
				ALWAYS_EMBED_SWIFT_STANDARD_LIBRARIES = YES;
				BUNDLE_LOADER = "$(TEST_HOST)";
				CODE_SIGN_STYLE = Automatic;
				DEVELOPMENT_TEAM = Y43X47HQKG;
				INFOPLIST_FILE = "ABC-CODETests/Info.plist";
				LD_RUNPATH_SEARCH_PATHS = (
					"$(inherited)",
					"@executable_path/Frameworks",
					"@loader_path/Frameworks",
				);
				PRODUCT_BUNDLE_IDENTIFIER = "ABC-CODE.ABC-CODETests";
				PRODUCT_NAME = "$(TARGET_NAME)";
				SWIFT_VERSION = 4.0;
				TARGETED_DEVICE_FAMILY = "1,2";
				TEST_HOST = "$(BUILT_PRODUCTS_DIR)/ABC-CODE.app/ABC-CODE";
			};
			name = Release;
		};
		AF52F7402238C5220096BD5F /* Debug */ = {
			isa = XCBuildConfiguration;
			baseConfigurationReference = 6C148184F683483E743C7AD9 /* Pods-ABC-CODE-ABC-CODEUITests.debug.xcconfig */;
			buildSettings = {
				ALWAYS_EMBED_SWIFT_STANDARD_LIBRARIES = YES;
				CODE_SIGN_STYLE = Automatic;
				DEVELOPMENT_TEAM = Y43X47HQKG;
				INFOPLIST_FILE = "ABC-CODEUITests/Info.plist";
				LD_RUNPATH_SEARCH_PATHS = (
					"$(inherited)",
					"@executable_path/Frameworks",
					"@loader_path/Frameworks",
				);
				PRODUCT_BUNDLE_IDENTIFIER = "ABC-CODE.ABC-CODEUITests";
				PRODUCT_NAME = "$(TARGET_NAME)";
				SWIFT_VERSION = 4.0;
				TARGETED_DEVICE_FAMILY = "1,2";
				TEST_TARGET_NAME = "ABC-CODE";
			};
			name = Debug;
		};
		AF52F7412238C5220096BD5F /* Release */ = {
			isa = XCBuildConfiguration;
			baseConfigurationReference = 367E533FB736E82F42864016 /* Pods-ABC-CODE-ABC-CODEUITests.release.xcconfig */;
			buildSettings = {
				ALWAYS_EMBED_SWIFT_STANDARD_LIBRARIES = YES;
				CODE_SIGN_STYLE = Automatic;
				DEVELOPMENT_TEAM = Y43X47HQKG;
				INFOPLIST_FILE = "ABC-CODEUITests/Info.plist";
				LD_RUNPATH_SEARCH_PATHS = (
					"$(inherited)",
					"@executable_path/Frameworks",
					"@loader_path/Frameworks",
				);
				PRODUCT_BUNDLE_IDENTIFIER = "ABC-CODE.ABC-CODEUITests";
				PRODUCT_NAME = "$(TARGET_NAME)";
				SWIFT_VERSION = 4.0;
				TARGETED_DEVICE_FAMILY = "1,2";
				TEST_TARGET_NAME = "ABC-CODE";
			};
			name = Release;
		};
/* End XCBuildConfiguration section */

/* Begin XCConfigurationList section */
		AF52F70C2238C51F0096BD5F /* Build configuration list for PBXProject "ABC-CODE" */ = {
			isa = XCConfigurationList;
			buildConfigurations = (
				AF52F7372238C5220096BD5F /* Debug */,
				AF52F7382238C5220096BD5F /* Release */,
			);
			defaultConfigurationIsVisible = 0;
			defaultConfigurationName = Release;
		};
		AF52F7392238C5220096BD5F /* Build configuration list for PBXNativeTarget "ABC-CODE" */ = {
			isa = XCConfigurationList;
			buildConfigurations = (
				AF52F73A2238C5220096BD5F /* Debug */,
				AF52F73B2238C5220096BD5F /* Release */,
			);
			defaultConfigurationIsVisible = 0;
			defaultConfigurationName = Release;
		};
		AF52F73C2238C5220096BD5F /* Build configuration list for PBXNativeTarget "ABC-CODETests" */ = {
			isa = XCConfigurationList;
			buildConfigurations = (
				AF52F73D2238C5220096BD5F /* Debug */,
				AF52F73E2238C5220096BD5F /* Release */,
			);
			defaultConfigurationIsVisible = 0;
			defaultConfigurationName = Release;
		};
		AF52F73F2238C5220096BD5F /* Build configuration list for PBXNativeTarget "ABC-CODEUITests" */ = {
			isa = XCConfigurationList;
			buildConfigurations = (
				AF52F7402238C5220096BD5F /* Debug */,
				AF52F7412238C5220096BD5F /* Release */,
			);
			defaultConfigurationIsVisible = 0;
			defaultConfigurationName = Release;
		};
/* End XCConfigurationList section */
	};
	rootObject = AF52F7092238C51F0096BD5F /* Project object */;
}
